
Microsoft Visual Studio Solution File, Format Version 12.00
# Visual Studio Version 16
VisualStudioVersion = 16.0.30907.101
MinimumVisualStudioVersion = 10.0.40219.1
Project("{FAE04EC0-301F-11D3-BF4B-00C04F79EFBC}") = "Tav_web", "Tav_web\Tav_web.csproj", "{F74A42FE-EBB5-4335-9423-F81818246D7B}"
EndProject
Global
	GlobalSection(SolutionConfigurationPlatforms) = preSolution
		Debug|Any CPU = Debug|Any CPU
		Release|Any CPU = Release|Any CPU
	EndGlobalSection
	GlobalSection(ProjectConfigurationPlatforms) = postSolution
		{F74A42FE-EBB5-4335-9423-F81818246D7B}.Debug|Any CPU.ActiveCfg = Debug|Any CPU
		{F74A42FE-EBB5-4335-9423-F81818246D7B}.Debug|Any CPU.Build.0 = Debug|Any CPU
		{F74A42FE-EBB5-4335-9423-F81818246D7B}.Release|Any CPU.ActiveCfg = Release|Any CPU
		{F74A42FE-EBB5-4335-9423-F81818246D7B}.Release|Any CPU.Build.0 = Release|Any CPU
	EndGlobalSection
	GlobalSection(SolutionProperties) = preSolution
		HideSolutionNode = FALSE
	EndGlobalSection
	GlobalSection(ExtensibilityGlobals) = postSolution
		SolutionGuid = {766C2A38-162D-43B9-B19E-1F8B093E04B8}
	EndGlobalSection
EndGlobal
